// !$*UTF8*$!
{
	archiveVersion = 1;
	classes = {
	};
	objectVersion = 56;
	objects = {

/* Begin PBXBuildFile section */
		D80434CF2C18AA3A007935BC /* NomifyApp.swift in Sources */ = {isa = PBXBuildFile; fileRef = D80434CE2C18AA3A007935BC /* NomifyApp.swift */; };
		D80434D32C18AA3C007935BC /* Assets.xcassets in Resources */ = {isa = PBXBuildFile; fileRef = D80434D22C18AA3C007935BC /* Assets.xcassets */; };
		D80434D62C18AA3C007935BC /* Preview Assets.xcassets in Resources */ = {isa = PBXBuildFile; fileRef = D80434D52C18AA3C007935BC /* Preview Assets.xcassets */; };
		D80434E02C18AA3D007935BC /* NomifyTests.swift in Sources */ = {isa = PBXBuildFile; fileRef = D80434DF2C18AA3D007935BC /* NomifyTests.swift */; };
		D80434EA2C18AA3D007935BC /* NomifyUITests.swift in Sources */ = {isa = PBXBuildFile; fileRef = D80434E92C18AA3D007935BC /* NomifyUITests.swift */; };
		D80434EC2C18AA3D007935BC /* NomifyUITestsLaunchTests.swift in Sources */ = {isa = PBXBuildFile; fileRef = D80434EB2C18AA3D007935BC /* NomifyUITestsLaunchTests.swift */; };
		D80434FA2C18DE11007935BC /* AuthView.swift in Sources */ = {isa = PBXBuildFile; fileRef = D80434F92C18DE11007935BC /* AuthView.swift */; };
		D80434FD2C18E16B007935BC /* CustomTextField.swift in Sources */ = {isa = PBXBuildFile; fileRef = D80434FC2C18E16B007935BC /* CustomTextField.swift */; };
		D80435002C18EB13007935BC /* HideKeyboard.swift in Sources */ = {isa = PBXBuildFile; fileRef = D80434FF2C18EB13007935BC /* HideKeyboard.swift */; };
		D8584DAD2C18F52E00898175 /* FirebaseAnalytics in Frameworks */ = {isa = PBXBuildFile; productRef = D8584DAC2C18F52E00898175 /* FirebaseAnalytics */; };
		D8584DAF2C18F52E00898175 /* FirebaseAuth in Frameworks */ = {isa = PBXBuildFile; productRef = D8584DAE2C18F52E00898175 /* FirebaseAuth */; };
		D8584DB12C18F52E00898175 /* FirebaseFirestore in Frameworks */ = {isa = PBXBuildFile; productRef = D8584DB02C18F52E00898175 /* FirebaseFirestore */; };
		D8584DB32C18F52E00898175 /* FirebaseFirestoreSwift in Frameworks */ = {isa = PBXBuildFile; productRef = D8584DB22C18F52E00898175 /* FirebaseFirestoreSwift */; };
		D8584DB52C18F52E00898175 /* FirebaseFunctions in Frameworks */ = {isa = PBXBuildFile; productRef = D8584DB42C18F52E00898175 /* FirebaseFunctions */; };
		D8584DB72C18F75A00898175 /* GoogleService-Info.plist in Resources */ = {isa = PBXBuildFile; fileRef = D8584DB62C18F75A00898175 /* GoogleService-Info.plist */; };
		D8584DB82C18F75A00898175 /* GoogleService-Info.plist in Resources */ = {isa = PBXBuildFile; fileRef = D8584DB62C18F75A00898175 /* GoogleService-Info.plist */; };
		D8584DB92C18F75A00898175 /* GoogleService-Info.plist in Resources */ = {isa = PBXBuildFile; fileRef = D8584DB62C18F75A00898175 /* GoogleService-Info.plist */; };
		D8584DBC2C18FD9900898175 /* AuthInfo.swift in Sources */ = {isa = PBXBuildFile; fileRef = D8584DBB2C18FD9900898175 /* AuthInfo.swift */; };
		D8584DBD2C18FD9900898175 /* AuthInfo.swift in Sources */ = {isa = PBXBuildFile; fileRef = D8584DBB2C18FD9900898175 /* AuthInfo.swift */; };
		D8584DBE2C18FD9900898175 /* AuthInfo.swift in Sources */ = {isa = PBXBuildFile; fileRef = D8584DBB2C18FD9900898175 /* AuthInfo.swift */; };
		D8584DC02C19409A00898175 /* HomeView.swift in Sources */ = {isa = PBXBuildFile; fileRef = D8584DBF2C19409A00898175 /* HomeView.swift */; };
		D8584DC12C19409A00898175 /* HomeView.swift in Sources */ = {isa = PBXBuildFile; fileRef = D8584DBF2C19409A00898175 /* HomeView.swift */; };
		D8584DC22C19409A00898175 /* HomeView.swift in Sources */ = {isa = PBXBuildFile; fileRef = D8584DBF2C19409A00898175 /* HomeView.swift */; };
		D8584DC52C19474E00898175 /* AlertToast in Frameworks */ = {isa = PBXBuildFile; productRef = D8584DC42C19474E00898175 /* AlertToast */; };
		D8584DC82C195DEB00898175 /* GoogleSignIn in Frameworks */ = {isa = PBXBuildFile; productRef = D8584DC72C195DEB00898175 /* GoogleSignIn */; };
		D8584DCA2C195DEB00898175 /* GoogleSignInSwift in Frameworks */ = {isa = PBXBuildFile; productRef = D8584DC92C195DEB00898175 /* GoogleSignInSwift */; };
		D8584DCE2C1A1ADA00898175 /* ViewExtension.swift in Sources */ = {isa = PBXBuildFile; fileRef = D8584DCD2C1A1ADA00898175 /* ViewExtension.swift */; };
		D8584DD02C1A246C00898175 /* AllergenProfileView.swift in Sources */ = {isa = PBXBuildFile; fileRef = D8584DCF2C1A246C00898175 /* AllergenProfileView.swift */; };
		D8584DD62C1A282300898175 /* FirebaseServices.swift in Sources */ = {isa = PBXBuildFile; fileRef = D8584DD52C1A282300898175 /* FirebaseServices.swift */; };
		D866ECF92C1A33B60060B6B8 /* FirebaseAnalytics in Frameworks */ = {isa = PBXBuildFile; productRef = D866ECF82C1A33B60060B6B8 /* FirebaseAnalytics */; };
		D866ECFB2C1A33B60060B6B8 /* FirebaseAuth in Frameworks */ = {isa = PBXBuildFile; productRef = D866ECFA2C1A33B60060B6B8 /* FirebaseAuth */; };
		D866ECFD2C1A33B60060B6B8 /* FirebaseFirestore in Frameworks */ = {isa = PBXBuildFile; productRef = D866ECFC2C1A33B60060B6B8 /* FirebaseFirestore */; };
		D866ECFF2C1A33B60060B6B8 /* FirebaseFirestoreSwift in Frameworks */ = {isa = PBXBuildFile; productRef = D866ECFE2C1A33B60060B6B8 /* FirebaseFirestoreSwift */; };
		D866ED012C1A3A2A0060B6B8 /* AllergenPanel.swift in Sources */ = {isa = PBXBuildFile; fileRef = D866ED002C1A3A2A0060B6B8 /* AllergenPanel.swift */; };
/* End PBXBuildFile section */

/* Begin PBXContainerItemProxy section */
		D80434DC2C18AA3D007935BC /* PBXContainerItemProxy */ = {
			isa = PBXContainerItemProxy;
			containerPortal = D80434C32C18AA3A007935BC /* Project object */;
			proxyType = 1;
			remoteGlobalIDString = D80434CA2C18AA3A007935BC;
			remoteInfo = Nomify;
		};
		D80434E62C18AA3D007935BC /* PBXContainerItemProxy */ = {
			isa = PBXContainerItemProxy;
			containerPortal = D80434C32C18AA3A007935BC /* Project object */;
			proxyType = 1;
			remoteGlobalIDString = D80434CA2C18AA3A007935BC;
			remoteInfo = Nomify;
		};
/* End PBXContainerItemProxy section */

/* Begin PBXFileReference section */
		D80434CB2C18AA3A007935BC /* Nomify.app */ = {isa = PBXFileReference; explicitFileType = wrapper.application; includeInIndex = 0; path = Nomify.app; sourceTree = BUILT_PRODUCTS_DIR; };
		D80434CE2C18AA3A007935BC /* NomifyApp.swift */ = {isa = PBXFileReference; lastKnownFileType = sourcecode.swift; path = NomifyApp.swift; sourceTree = "<group>"; };
		D80434D22C18AA3C007935BC /* Assets.xcassets */ = {isa = PBXFileReference; lastKnownFileType = folder.assetcatalog; path = Assets.xcassets; sourceTree = "<group>"; };
		D80434D52C18AA3C007935BC /* Preview Assets.xcassets */ = {isa = PBXFileReference; lastKnownFileType = folder.assetcatalog; path = "Preview Assets.xcassets"; sourceTree = "<group>"; };
		D80434DB2C18AA3D007935BC /* NomifyTests.xctest */ = {isa = PBXFileReference; explicitFileType = wrapper.cfbundle; includeInIndex = 0; path = NomifyTests.xctest; sourceTree = BUILT_PRODUCTS_DIR; };
		D80434DF2C18AA3D007935BC /* NomifyTests.swift */ = {isa = PBXFileReference; lastKnownFileType = sourcecode.swift; path = NomifyTests.swift; sourceTree = "<group>"; };
		D80434E52C18AA3D007935BC /* NomifyUITests.xctest */ = {isa = PBXFileReference; explicitFileType = wrapper.cfbundle; includeInIndex = 0; path = NomifyUITests.xctest; sourceTree = BUILT_PRODUCTS_DIR; };
		D80434E92C18AA3D007935BC /* NomifyUITests.swift */ = {isa = PBXFileReference; lastKnownFileType = sourcecode.swift; path = NomifyUITests.swift; sourceTree = "<group>"; };
		D80434EB2C18AA3D007935BC /* NomifyUITestsLaunchTests.swift */ = {isa = PBXFileReference; lastKnownFileType = sourcecode.swift; path = NomifyUITestsLaunchTests.swift; sourceTree = "<group>"; };
		D80434F92C18DE11007935BC /* AuthView.swift */ = {isa = PBXFileReference; lastKnownFileType = sourcecode.swift; path = AuthView.swift; sourceTree = "<group>"; };
		D80434FC2C18E16B007935BC /* CustomTextField.swift */ = {isa = PBXFileReference; lastKnownFileType = sourcecode.swift; path = CustomTextField.swift; sourceTree = "<group>"; };
		D80434FF2C18EB13007935BC /* HideKeyboard.swift */ = {isa = PBXFileReference; lastKnownFileType = sourcecode.swift; path = HideKeyboard.swift; sourceTree = "<group>"; };
		D8584DB62C18F75A00898175 /* GoogleService-Info.plist */ = {isa = PBXFileReference; fileEncoding = 4; lastKnownFileType = text.plist.xml; path = "GoogleService-Info.plist"; sourceTree = "<group>"; };
		D8584DBB2C18FD9900898175 /* AuthInfo.swift */ = {isa = PBXFileReference; lastKnownFileType = sourcecode.swift; path = AuthInfo.swift; sourceTree = "<group>"; };
		D8584DBF2C19409A00898175 /* HomeView.swift */ = {isa = PBXFileReference; lastKnownFileType = sourcecode.swift; path = HomeView.swift; sourceTree = "<group>"; };
		D8584DCB2C195E5F00898175 /* Info.plist */ = {isa = PBXFileReference; lastKnownFileType = text.plist; path = Info.plist; sourceTree = "<group>"; };
		D8584DCD2C1A1ADA00898175 /* ViewExtension.swift */ = {isa = PBXFileReference; lastKnownFileType = sourcecode.swift; path = ViewExtension.swift; sourceTree = "<group>"; };
		D8584DCF2C1A246C00898175 /* AllergenProfileView.swift */ = {isa = PBXFileReference; lastKnownFileType = sourcecode.swift; path = AllergenProfileView.swift; sourceTree = "<group>"; };
		D8584DD52C1A282300898175 /* FirebaseServices.swift */ = {isa = PBXFileReference; lastKnownFileType = sourcecode.swift; path = FirebaseServices.swift; sourceTree = "<group>"; };
		D866ED002C1A3A2A0060B6B8 /* AllergenPanel.swift */ = {isa = PBXFileReference; lastKnownFileType = sourcecode.swift; path = AllergenPanel.swift; sourceTree = "<group>"; };
/* End PBXFileReference section */

/* Begin PBXFrameworksBuildPhase section */
		D80434C82C18AA3A007935BC /* Frameworks */ = {
			isa = PBXFrameworksBuildPhase;
			buildActionMask = 2147483647;
			files = (
				D8584DAD2C18F52E00898175 /* FirebaseAnalytics in Frameworks */,
				D8584DAF2C18F52E00898175 /* FirebaseAuth in Frameworks */,
				D8584DB52C18F52E00898175 /* FirebaseFunctions in Frameworks */,
				D8584DCA2C195DEB00898175 /* GoogleSignInSwift in Frameworks */,
				D8584DC52C19474E00898175 /* AlertToast in Frameworks */,
				D8584DB12C18F52E00898175 /* FirebaseFirestore in Frameworks */,
				D8584DB32C18F52E00898175 /* FirebaseFirestoreSwift in Frameworks */,
				D8584DC82C195DEB00898175 /* GoogleSignIn in Frameworks */,
			);
			runOnlyForDeploymentPostprocessing = 0;
		};
		D80434D82C18AA3D007935BC /* Frameworks */ = {
			isa = PBXFrameworksBuildPhase;
			buildActionMask = 2147483647;
			files = (
			);
			runOnlyForDeploymentPostprocessing = 0;
		};
		D80434E22C18AA3D007935BC /* Frameworks */ = {
			isa = PBXFrameworksBuildPhase;
			buildActionMask = 2147483647;
			files = (
				D866ECF92C1A33B60060B6B8 /* FirebaseAnalytics in Frameworks */,
				D866ECFB2C1A33B60060B6B8 /* FirebaseAuth in Frameworks */,
				D866ECFD2C1A33B60060B6B8 /* FirebaseFirestore in Frameworks */,
				D866ECFF2C1A33B60060B6B8 /* FirebaseFirestoreSwift in Frameworks */,
			);
			runOnlyForDeploymentPostprocessing = 0;
		};
/* End PBXFrameworksBuildPhase section */

/* Begin PBXGroup section */
		D80434C22C18AA3A007935BC = {
			isa = PBXGroup;
			children = (
				D80434CD2C18AA3A007935BC /* Nomify */,
				D80434DE2C18AA3D007935BC /* NomifyTests */,
				D80434E82C18AA3D007935BC /* NomifyUITests */,
				D80434CC2C18AA3A007935BC /* Products */,
				D8A0E7D22C1A328A005155ED /* Frameworks */,
			);
			sourceTree = "<group>";
		};
		D80434CC2C18AA3A007935BC /* Products */ = {
			isa = PBXGroup;
			children = (
				D80434CB2C18AA3A007935BC /* Nomify.app */,
				D80434DB2C18AA3D007935BC /* NomifyTests.xctest */,
				D80434E52C18AA3D007935BC /* NomifyUITests.xctest */,
			);
			name = Products;
			sourceTree = "<group>";
		};
		D80434CD2C18AA3A007935BC /* Nomify */ = {
			isa = PBXGroup;
			children = (
				D8584DCC2C1A1AC900898175 /* Extensions */,
				D8584DCB2C195E5F00898175 /* Info.plist */,
				D8584DBA2C18FD8D00898175 /* Classes */,
				D8584DB62C18F75A00898175 /* GoogleService-Info.plist */,
				D80434FE2C18EB05007935BC /* Services */,
				D80434FB2C18E158007935BC /* Components */,
				D80434F82C18DE01007935BC /* Views */,
				D80434CE2C18AA3A007935BC /* NomifyApp.swift */,
				D80434D22C18AA3C007935BC /* Assets.xcassets */,
				D80434D42C18AA3C007935BC /* Preview Content */,
			);
			path = Nomify;
			sourceTree = "<group>";
		};
		D80434D42C18AA3C007935BC /* Preview Content */ = {
			isa = PBXGroup;
			children = (
				D80434D52C18AA3C007935BC /* Preview Assets.xcassets */,
			);
			path = "Preview Content";
			sourceTree = "<group>";
		};
		D80434DE2C18AA3D007935BC /* NomifyTests */ = {
			isa = PBXGroup;
			children = (
				D80434DF2C18AA3D007935BC /* NomifyTests.swift */,
			);
			path = NomifyTests;
			sourceTree = "<group>";
		};
		D80434E82C18AA3D007935BC /* NomifyUITests */ = {
			isa = PBXGroup;
			children = (
				D80434E92C18AA3D007935BC /* NomifyUITests.swift */,
				D80434EB2C18AA3D007935BC /* NomifyUITestsLaunchTests.swift */,
			);
			path = NomifyUITests;
			sourceTree = "<group>";
		};
		D80434F82C18DE01007935BC /* Views */ = {
			isa = PBXGroup;
			children = (
				D80434F92C18DE11007935BC /* AuthView.swift */,
				D8584DBF2C19409A00898175 /* HomeView.swift */,
				D8584DCF2C1A246C00898175 /* AllergenProfileView.swift */,
			);
			path = Views;
			sourceTree = "<group>";
		};
		D80434FB2C18E158007935BC /* Components */ = {
			isa = PBXGroup;
			children = (
				D80434FC2C18E16B007935BC /* CustomTextField.swift */,
				D866ED002C1A3A2A0060B6B8 /* AllergenPanel.swift */,
			);
			path = Components;
			sourceTree = "<group>";
		};
		D80434FE2C18EB05007935BC /* Services */ = {
			isa = PBXGroup;
			children = (
				D80434FF2C18EB13007935BC /* HideKeyboard.swift */,
				D8584DD52C1A282300898175 /* FirebaseServices.swift */,
			);
			path = Services;
			sourceTree = "<group>";
		};
		D8584DBA2C18FD8D00898175 /* Classes */ = {
			isa = PBXGroup;
			children = (
				D8584DBB2C18FD9900898175 /* AuthInfo.swift */,
			);
			path = Classes;
			sourceTree = "<group>";
		};
		D8584DCC2C1A1AC900898175 /* Extensions */ = {
			isa = PBXGroup;
			children = (
				D8584DCD2C1A1ADA00898175 /* ViewExtension.swift */,
			);
			path = Extensions;
			sourceTree = "<group>";
		};
		D8A0E7D22C1A328A005155ED /* Frameworks */ = {
			isa = PBXGroup;
			children = (
			);
			name = Frameworks;
			sourceTree = "<group>";
		};
/* End PBXGroup section */

/* Begin PBXNativeTarget section */
		D80434CA2C18AA3A007935BC /* Nomify */ = {
			isa = PBXNativeTarget;
			buildConfigurationList = D80434EF2C18AA3D007935BC /* Build configuration list for PBXNativeTarget "Nomify" */;
			buildPhases = (
				D80434C72C18AA3A007935BC /* Sources */,
				D80434C82C18AA3A007935BC /* Frameworks */,
				D80434C92C18AA3A007935BC /* Resources */,
			);
			buildRules = (
			);
			dependencies = (
			);
			name = Nomify;
			packageProductDependencies = (
				D8584DAC2C18F52E00898175 /* FirebaseAnalytics */,
				D8584DAE2C18F52E00898175 /* FirebaseAuth */,
				D8584DB02C18F52E00898175 /* FirebaseFirestore */,
				D8584DB22C18F52E00898175 /* FirebaseFirestoreSwift */,
				D8584DB42C18F52E00898175 /* FirebaseFunctions */,
				D8584DC42C19474E00898175 /* AlertToast */,
				D8584DC72C195DEB00898175 /* GoogleSignIn */,
				D8584DC92C195DEB00898175 /* GoogleSignInSwift */,
			);
			productName = Nomify;
			productReference = D80434CB2C18AA3A007935BC /* Nomify.app */;
			productType = "com.apple.product-type.application";
		};
		D80434DA2C18AA3D007935BC /* NomifyTests */ = {
			isa = PBXNativeTarget;
			buildConfigurationList = D80434F22C18AA3D007935BC /* Build configuration list for PBXNativeTarget "NomifyTests" */;
			buildPhases = (
				D80434D72C18AA3D007935BC /* Sources */,
				D80434D82C18AA3D007935BC /* Frameworks */,
				D80434D92C18AA3D007935BC /* Resources */,
			);
			buildRules = (
			);
			dependencies = (
				D80434DD2C18AA3D007935BC /* PBXTargetDependency */,
			);
			name = NomifyTests;
			productName = NomifyTests;
			productReference = D80434DB2C18AA3D007935BC /* NomifyTests.xctest */;
			productType = "com.apple.product-type.bundle.unit-test";
		};
		D80434E42C18AA3D007935BC /* NomifyUITests */ = {
			isa = PBXNativeTarget;
			buildConfigurationList = D80434F52C18AA3D007935BC /* Build configuration list for PBXNativeTarget "NomifyUITests" */;
			buildPhases = (
				D80434E12C18AA3D007935BC /* Sources */,
				D80434E22C18AA3D007935BC /* Frameworks */,
				D80434E32C18AA3D007935BC /* Resources */,
			);
			buildRules = (
			);
			dependencies = (
				D80434E72C18AA3D007935BC /* PBXTargetDependency */,
			);
			name = NomifyUITests;
			packageProductDependencies = (
				D866ECF82C1A33B60060B6B8 /* FirebaseAnalytics */,
				D866ECFA2C1A33B60060B6B8 /* FirebaseAuth */,
				D866ECFC2C1A33B60060B6B8 /* FirebaseFirestore */,
				D866ECFE2C1A33B60060B6B8 /* FirebaseFirestoreSwift */,
			);
			productName = NomifyUITests;
			productReference = D80434E52C18AA3D007935BC /* NomifyUITests.xctest */;
			productType = "com.apple.product-type.bundle.ui-testing";
		};
/* End PBXNativeTarget section */

/* Begin PBXProject section */
		D80434C32C18AA3A007935BC /* Project object */ = {
			isa = PBXProject;
			attributes = {
				BuildIndependentTargetsInParallel = 1;
				LastSwiftUpdateCheck = 1540;
				LastUpgradeCheck = 1540;
				TargetAttributes = {
					D80434CA2C18AA3A007935BC = {
						CreatedOnToolsVersion = 15.4;
					};
					D80434DA2C18AA3D007935BC = {
						CreatedOnToolsVersion = 15.4;
						TestTargetID = D80434CA2C18AA3A007935BC;
					};
					D80434E42C18AA3D007935BC = {
						CreatedOnToolsVersion = 15.4;
						TestTargetID = D80434CA2C18AA3A007935BC;
					};
				};
			};
			buildConfigurationList = D80434C62C18AA3A007935BC /* Build configuration list for PBXProject "Nomify" */;
			compatibilityVersion = "Xcode 14.0";
			developmentRegion = en;
			hasScannedForEncodings = 0;
			knownRegions = (
				en,
				Base,
			);
			mainGroup = D80434C22C18AA3A007935BC;
			packageReferences = (
				D80435052C18F28A007935BC /* XCRemoteSwiftPackageReference "firebase-ios-sdk" */,
				D8584DC32C19474E00898175 /* XCRemoteSwiftPackageReference "AlertToast" */,
				D8584DC62C195DEA00898175 /* XCRemoteSwiftPackageReference "GoogleSignIn-iOS" */,
			);
			productRefGroup = D80434CC2C18AA3A007935BC /* Products */;
			projectDirPath = "";
			projectRoot = "";
			targets = (
				D80434CA2C18AA3A007935BC /* Nomify */,
				D80434DA2C18AA3D007935BC /* NomifyTests */,
				D80434E42C18AA3D007935BC /* NomifyUITests */,
			);
		};
/* End PBXProject section */

/* Begin PBXResourcesBuildPhase section */
		D80434C92C18AA3A007935BC /* Resources */ = {
			isa = PBXResourcesBuildPhase;
			buildActionMask = 2147483647;
			files = (
				D80434D62C18AA3C007935BC /* Preview Assets.xcassets in Resources */,
				D80434D32C18AA3C007935BC /* Assets.xcassets in Resources */,
				D8584DB72C18F75A00898175 /* GoogleService-Info.plist in Resources */,
			);
			runOnlyForDeploymentPostprocessing = 0;
		};
		D80434D92C18AA3D007935BC /* Resources */ = {
			isa = PBXResourcesBuildPhase;
			buildActionMask = 2147483647;
			files = (
				D8584DB82C18F75A00898175 /* GoogleService-Info.plist in Resources */,
			);
			runOnlyForDeploymentPostprocessing = 0;
		};
		D80434E32C18AA3D007935BC /* Resources */ = {
			isa = PBXResourcesBuildPhase;
			buildActionMask = 2147483647;
			files = (
				D8584DB92C18F75A00898175 /* GoogleService-Info.plist in Resources */,
			);
			runOnlyForDeploymentPostprocessing = 0;
		};
/* End PBXResourcesBuildPhase section */

/* Begin PBXSourcesBuildPhase section */
		D80434C72C18AA3A007935BC /* Sources */ = {
			isa = PBXSourcesBuildPhase;
			buildActionMask = 2147483647;
			files = (
				D80435002C18EB13007935BC /* HideKeyboard.swift in Sources */,
				D80434FA2C18DE11007935BC /* AuthView.swift in Sources */,
				D8584DD62C1A282300898175 /* FirebaseServices.swift in Sources */,
				D8584DD02C1A246C00898175 /* AllergenProfileView.swift in Sources */,
				D8584DBC2C18FD9900898175 /* AuthInfo.swift in Sources */,
				D8584DCE2C1A1ADA00898175 /* ViewExtension.swift in Sources */,
				D866ED012C1A3A2A0060B6B8 /* AllergenPanel.swift in Sources */,
				D8584DC02C19409A00898175 /* HomeView.swift in Sources */,
				D80434CF2C18AA3A007935BC /* NomifyApp.swift in Sources */,
				D80434FD2C18E16B007935BC /* CustomTextField.swift in Sources */,
			);
			runOnlyForDeploymentPostprocessing = 0;
		};
		D80434D72C18AA3D007935BC /* Sources */ = {
			isa = PBXSourcesBuildPhase;
			buildActionMask = 2147483647;
			files = (
				D8584DC12C19409A00898175 /* HomeView.swift in Sources */,
				D80434E02C18AA3D007935BC /* NomifyTests.swift in Sources */,
				D8584DBD2C18FD9900898175 /* AuthInfo.swift in Sources */,
			);
			runOnlyForDeploymentPostprocessing = 0;
		};
		D80434E12C18AA3D007935BC /* Sources */ = {
			isa = PBXSourcesBuildPhase;
			buildActionMask = 2147483647;
			files = (
				D80434EC2C18AA3D007935BC /* NomifyUITestsLaunchTests.swift in Sources */,
				D8584DC22C19409A00898175 /* HomeView.swift in Sources */,
				D8584DBE2C18FD9900898175 /* AuthInfo.swift in Sources */,
				D80434EA2C18AA3D007935BC /* NomifyUITests.swift in Sources */,
			);
			runOnlyForDeploymentPostprocessing = 0;
		};
/* End PBXSourcesBuildPhase section */

/* Begin PBXTargetDependency section */
		D80434DD2C18AA3D007935BC /* PBXTargetDependency */ = {
			isa = PBXTargetDependency;
			target = D80434CA2C18AA3A007935BC /* Nomify */;
			targetProxy = D80434DC2C18AA3D007935BC /* PBXContainerItemProxy */;
		};
		D80434E72C18AA3D007935BC /* PBXTargetDependency */ = {
			isa = PBXTargetDependency;
			target = D80434CA2C18AA3A007935BC /* Nomify */;
			targetProxy = D80434E62C18AA3D007935BC /* PBXContainerItemProxy */;
		};
/* End PBXTargetDependency section */

/* Begin XCBuildConfiguration section */
		D80434ED2C18AA3D007935BC /* Debug */ = {
			isa = XCBuildConfiguration;
			buildSettings = {
				ALWAYS_SEARCH_USER_PATHS = NO;
				ASSETCATALOG_COMPILER_GENERATE_SWIFT_ASSET_SYMBOL_EXTENSIONS = YES;
				CLANG_ANALYZER_NONNULL = YES;
				CLANG_ANALYZER_NUMBER_OBJECT_CONVERSION = YES_AGGRESSIVE;
				CLANG_CXX_LANGUAGE_STANDARD = "gnu++20";
				CLANG_ENABLE_MODULES = YES;
				CLANG_ENABLE_OBJC_ARC = YES;
				CLANG_ENABLE_OBJC_WEAK = YES;
				CLANG_WARN_BLOCK_CAPTURE_AUTORELEASING = YES;
				CLANG_WARN_BOOL_CONVERSION = YES;
				CLANG_WARN_COMMA = YES;
				CLANG_WARN_CONSTANT_CONVERSION = YES;
				CLANG_WARN_DEPRECATED_OBJC_IMPLEMENTATIONS = YES;
				CLANG_WARN_DIRECT_OBJC_ISA_USAGE = YES_ERROR;
				CLANG_WARN_DOCUMENTATION_COMMENTS = YES;
				CLANG_WARN_EMPTY_BODY = YES;
				CLANG_WARN_ENUM_CONVERSION = YES;
				CLANG_WARN_INFINITE_RECURSION = YES;
				CLANG_WARN_INT_CONVERSION = YES;
				CLANG_WARN_NON_LITERAL_NULL_CONVERSION = YES;
				CLANG_WARN_OBJC_IMPLICIT_RETAIN_SELF = YES;
				CLANG_WARN_OBJC_LITERAL_CONVERSION = YES;
				CLANG_WARN_OBJC_ROOT_CLASS = YES_ERROR;
				CLANG_WARN_QUOTED_INCLUDE_IN_FRAMEWORK_HEADER = YES;
				CLANG_WARN_RANGE_LOOP_ANALYSIS = YES;
				CLANG_WARN_STRICT_PROTOTYPES = YES;
				CLANG_WARN_SUSPICIOUS_MOVE = YES;
				CLANG_WARN_UNGUARDED_AVAILABILITY = YES_AGGRESSIVE;
				CLANG_WARN_UNREACHABLE_CODE = YES;
				CLANG_WARN__DUPLICATE_METHOD_MATCH = YES;
				COPY_PHASE_STRIP = NO;
				DEBUG_INFORMATION_FORMAT = dwarf;
				ENABLE_STRICT_OBJC_MSGSEND = YES;
				ENABLE_TESTABILITY = YES;
				ENABLE_USER_SCRIPT_SANDBOXING = YES;
				GCC_C_LANGUAGE_STANDARD = gnu17;
				GCC_DYNAMIC_NO_PIC = NO;
				GCC_NO_COMMON_BLOCKS = YES;
				GCC_OPTIMIZATION_LEVEL = 0;
				GCC_PREPROCESSOR_DEFINITIONS = (
					"DEBUG=1",
					"$(inherited)",
				);
				GCC_WARN_64_TO_32_BIT_CONVERSION = YES;
				GCC_WARN_ABOUT_RETURN_TYPE = YES_ERROR;
				GCC_WARN_UNDECLARED_SELECTOR = YES;
				GCC_WARN_UNINITIALIZED_AUTOS = YES_AGGRESSIVE;
				GCC_WARN_UNUSED_FUNCTION = YES;
				GCC_WARN_UNUSED_VARIABLE = YES;
				IPHONEOS_DEPLOYMENT_TARGET = 17.5;
				LOCALIZATION_PREFERS_STRING_CATALOGS = YES;
				MTL_ENABLE_DEBUG_INFO = INCLUDE_SOURCE;
				MTL_FAST_MATH = YES;
				ONLY_ACTIVE_ARCH = YES;
				SDKROOT = iphoneos;
				SWIFT_ACTIVE_COMPILATION_CONDITIONS = "DEBUG $(inherited)";
				SWIFT_OPTIMIZATION_LEVEL = "-Onone";
			};
			name = Debug;
		};
		D80434EE2C18AA3D007935BC /* Release */ = {
			isa = XCBuildConfiguration;
			buildSettings = {
				ALWAYS_SEARCH_USER_PATHS = NO;
				ASSETCATALOG_COMPILER_GENERATE_SWIFT_ASSET_SYMBOL_EXTENSIONS = YES;
				CLANG_ANALYZER_NONNULL = YES;
				CLANG_ANALYZER_NUMBER_OBJECT_CONVERSION = YES_AGGRESSIVE;
				CLANG_CXX_LANGUAGE_STANDARD = "gnu++20";
				CLANG_ENABLE_MODULES = YES;
				CLANG_ENABLE_OBJC_ARC = YES;
				CLANG_ENABLE_OBJC_WEAK = YES;
				CLANG_WARN_BLOCK_CAPTURE_AUTORELEASING = YES;
				CLANG_WARN_BOOL_CONVERSION = YES;
				CLANG_WARN_COMMA = YES;
				CLANG_WARN_CONSTANT_CONVERSION = YES;
				CLANG_WARN_DEPRECATED_OBJC_IMPLEMENTATIONS = YES;
				CLANG_WARN_DIRECT_OBJC_ISA_USAGE = YES_ERROR;
				CLANG_WARN_DOCUMENTATION_COMMENTS = YES;
				CLANG_WARN_EMPTY_BODY = YES;
				CLANG_WARN_ENUM_CONVERSION = YES;
				CLANG_WARN_INFINITE_RECURSION = YES;
				CLANG_WARN_INT_CONVERSION = YES;
				CLANG_WARN_NON_LITERAL_NULL_CONVERSION = YES;
				CLANG_WARN_OBJC_IMPLICIT_RETAIN_SELF = YES;
				CLANG_WARN_OBJC_LITERAL_CONVERSION = YES;
				CLANG_WARN_OBJC_ROOT_CLASS = YES_ERROR;
				CLANG_WARN_QUOTED_INCLUDE_IN_FRAMEWORK_HEADER = YES;
				CLANG_WARN_RANGE_LOOP_ANALYSIS = YES;
				CLANG_WARN_STRICT_PROTOTYPES = YES;
				CLANG_WARN_SUSPICIOUS_MOVE = YES;
				CLANG_WARN_UNGUARDED_AVAILABILITY = YES_AGGRESSIVE;
				CLANG_WARN_UNREACHABLE_CODE = YES;
				CLANG_WARN__DUPLICATE_METHOD_MATCH = YES;
				COPY_PHASE_STRIP = NO;
				DEBUG_INFORMATION_FORMAT = "dwarf-with-dsym";
				ENABLE_NS_ASSERTIONS = NO;
				ENABLE_STRICT_OBJC_MSGSEND = YES;
				ENABLE_USER_SCRIPT_SANDBOXING = YES;
				GCC_C_LANGUAGE_STANDARD = gnu17;
				GCC_NO_COMMON_BLOCKS = YES;
				GCC_WARN_64_TO_32_BIT_CONVERSION = YES;
				GCC_WARN_ABOUT_RETURN_TYPE = YES_ERROR;
				GCC_WARN_UNDECLARED_SELECTOR = YES;
				GCC_WARN_UNINITIALIZED_AUTOS = YES_AGGRESSIVE;
				GCC_WARN_UNUSED_FUNCTION = YES;
				GCC_WARN_UNUSED_VARIABLE = YES;
				IPHONEOS_DEPLOYMENT_TARGET = 17.5;
				LOCALIZATION_PREFERS_STRING_CATALOGS = YES;
				MTL_ENABLE_DEBUG_INFO = NO;
				MTL_FAST_MATH = YES;
				SDKROOT = iphoneos;
				SWIFT_COMPILATION_MODE = wholemodule;
				VALIDATE_PRODUCT = YES;
			};
			name = Release;
		};
		D80434F02C18AA3D007935BC /* Debug */ = {
			isa = XCBuildConfiguration;
			buildSettings = {
				ASSETCATALOG_COMPILER_APPICON_NAME = AppIcon;
				ASSETCATALOG_COMPILER_GLOBAL_ACCENT_COLOR_NAME = AccentColor;
				CODE_SIGN_STYLE = Automatic;
				CURRENT_PROJECT_VERSION = 1;
				DEVELOPMENT_ASSET_PATHS = "\"Nomify/Preview Content\"";
				DEVELOPMENT_TEAM = 94VBY346GX;
				ENABLE_PREVIEWS = YES;
				GENERATE_INFOPLIST_FILE = YES;
				INFOPLIST_FILE = Nomify/Info.plist;
				INFOPLIST_KEY_CFBundleDisplayName = Nomify;
				INFOPLIST_KEY_UIApplicationSceneManifest_Generation = YES;
				INFOPLIST_KEY_UIApplicationSupportsIndirectInputEvents = YES;
				INFOPLIST_KEY_UILaunchScreen_Generation = YES;
				INFOPLIST_KEY_UIStatusBarStyle = UIStatusBarStyleDarkContent;
				INFOPLIST_KEY_UISupportedInterfaceOrientations = UIInterfaceOrientationPortrait;
				INFOPLIST_KEY_UISupportedInterfaceOrientations_iPad = "UIInterfaceOrientationLandscapeLeft UIInterfaceOrientationLandscapeRight UIInterfaceOrientationPortrait UIInterfaceOrientationPortraitUpsideDown";
				IPHONEOS_DEPLOYMENT_TARGET = 17.0;
				LD_RUNPATH_SEARCH_PATHS = (
					"$(inherited)",
					"@executable_path/Frameworks",
				);
				MARKETING_VERSION = 1.0;
				PRODUCT_BUNDLE_IDENTIFIER = andyvu.com.Nomify;
				PRODUCT_NAME = "$(TARGET_NAME)";
				SUPPORTED_PLATFORMS = "iphoneos iphonesimulator";
				SUPPORTS_MACCATALYST = NO;
				SUPPORTS_XR_DESIGNED_FOR_IPHONE_IPAD = NO;
				SWIFT_EMIT_LOC_STRINGS = YES;
				SWIFT_VERSION = 5.0;
				TARGETED_DEVICE_FAMILY = 1;
			};
			name = Debug;
		};
		D80434F12C18AA3D007935BC /* Release */ = {
			isa = XCBuildConfiguration;
			buildSettings = {
				ASSETCATALOG_COMPILER_APPICON_NAME = AppIcon;
				ASSETCATALOG_COMPILER_GLOBAL_ACCENT_COLOR_NAME = AccentColor;
				CODE_SIGN_STYLE = Automatic;
				CURRENT_PROJECT_VERSION = 1;
				DEVELOPMENT_ASSET_PATHS = "\"Nomify/Preview Content\"";
				DEVELOPMENT_TEAM = 94VBY346GX;
				ENABLE_PREVIEWS = YES;
				GENERATE_INFOPLIST_FILE = YES;
				INFOPLIST_FILE = Nomify/Info.plist;
				INFOPLIST_KEY_CFBundleDisplayName = Nomify;
				INFOPLIST_KEY_UIApplicationSceneManifest_Generation = YES;
				INFOPLIST_KEY_UIApplicationSupportsIndirectInputEvents = YES;
				INFOPLIST_KEY_UILaunchScreen_Generation = YES;
				INFOPLIST_KEY_UIStatusBarStyle = UIStatusBarStyleDarkContent;
				INFOPLIST_KEY_UISupportedInterfaceOrientations = UIInterfaceOrientationPortrait;
				INFOPLIST_KEY_UISupportedInterfaceOrientations_iPad = "UIInterfaceOrientationLandscapeLeft UIInterfaceOrientationLandscapeRight UIInterfaceOrientationPortrait UIInterfaceOrientationPortraitUpsideDown";
				IPHONEOS_DEPLOYMENT_TARGET = 17.0;
				LD_RUNPATH_SEARCH_PATHS = (
					"$(inherited)",
					"@executable_path/Frameworks",
				);
				MARKETING_VERSION = 1.0;
				PRODUCT_BUNDLE_IDENTIFIER = andyvu.com.Nomify;
				PRODUCT_NAME = "$(TARGET_NAME)";
				SUPPORTED_PLATFORMS = "iphoneos iphonesimulator";
				SUPPORTS_MACCATALYST = NO;
				SUPPORTS_XR_DESIGNED_FOR_IPHONE_IPAD = NO;
				SWIFT_EMIT_LOC_STRINGS = YES;
				SWIFT_VERSION = 5.0;
				TARGETED_DEVICE_FAMILY = 1;
			};
			name = Release;
		};
		D80434F32C18AA3D007935BC /* Debug */ = {
			isa = XCBuildConfiguration;
			buildSettings = {
				ALWAYS_EMBED_SWIFT_STANDARD_LIBRARIES = YES;
				BUNDLE_LOADER = "$(TEST_HOST)";
				CODE_SIGN_STYLE = Automatic;
				CURRENT_PROJECT_VERSION = 1;
				DEVELOPMENT_TEAM = 94VBY346GX;
				GENERATE_INFOPLIST_FILE = YES;
				IPHONEOS_DEPLOYMENT_TARGET = 17.5;
				MARKETING_VERSION = 1.0;
				PRODUCT_BUNDLE_IDENTIFIER = andyvu.com.NomifyTests;
				PRODUCT_NAME = "$(TARGET_NAME)";
				SWIFT_EMIT_LOC_STRINGS = NO;
				SWIFT_VERSION = 5.0;
				TARGETED_DEVICE_FAMILY = "1,2";
				TEST_HOST = "$(BUILT_PRODUCTS_DIR)/Nomify.app/$(BUNDLE_EXECUTABLE_FOLDER_PATH)/Nomify";
			};
			name = Debug;
		};
		D80434F42C18AA3D007935BC /* Release */ = {
			isa = XCBuildConfiguration;
			buildSettings = {
				ALWAYS_EMBED_SWIFT_STANDARD_LIBRARIES = YES;
				BUNDLE_LOADER = "$(TEST_HOST)";
				CODE_SIGN_STYLE = Automatic;
				CURRENT_PROJECT_VERSION = 1;
				DEVELOPMENT_TEAM = 94VBY346GX;
				GENERATE_INFOPLIST_FILE = YES;
				IPHONEOS_DEPLOYMENT_TARGET = 17.5;
				MARKETING_VERSION = 1.0;
				PRODUCT_BUNDLE_IDENTIFIER = andyvu.com.NomifyTests;
				PRODUCT_NAME = "$(TARGET_NAME)";
				SWIFT_EMIT_LOC_STRINGS = NO;
				SWIFT_VERSION = 5.0;
				TARGETED_DEVICE_FAMILY = "1,2";
				TEST_HOST = "$(BUILT_PRODUCTS_DIR)/Nomify.app/$(BUNDLE_EXECUTABLE_FOLDER_PATH)/Nomify";
			};
			name = Release;
		};
		D80434F62C18AA3D007935BC /* Debug */ = {
			isa = XCBuildConfiguration;
			buildSettings = {
				ALWAYS_EMBED_SWIFT_STANDARD_LIBRARIES = YES;
				CODE_SIGN_STYLE = Automatic;
				CURRENT_PROJECT_VERSION = 1;
				DEVELOPMENT_TEAM = 94VBY346GX;
				GENERATE_INFOPLIST_FILE = YES;
				MARKETING_VERSION = 1.0;
				PRODUCT_BUNDLE_IDENTIFIER = andyvu.com.NomifyUITests;
				PRODUCT_NAME = "$(TARGET_NAME)";
				SWIFT_EMIT_LOC_STRINGS = NO;
				SWIFT_VERSION = 5.0;
				TARGETED_DEVICE_FAMILY = "1,2";
				TEST_TARGET_NAME = Nomify;
			};
			name = Debug;
		};
		D80434F72C18AA3D007935BC /* Release */ = {
			isa = XCBuildConfiguration;
			buildSettings = {
				ALWAYS_EMBED_SWIFT_STANDARD_LIBRARIES = YES;
				CODE_SIGN_STYLE = Automatic;
				CURRENT_PROJECT_VERSION = 1;
				DEVELOPMENT_TEAM = 94VBY346GX;
				GENERATE_INFOPLIST_FILE = YES;
				MARKETING_VERSION = 1.0;
				PRODUCT_BUNDLE_IDENTIFIER = andyvu.com.NomifyUITests;
				PRODUCT_NAME = "$(TARGET_NAME)";
				SWIFT_EMIT_LOC_STRINGS = NO;
				SWIFT_VERSION = 5.0;
				TARGETED_DEVICE_FAMILY = "1,2";
				TEST_TARGET_NAME = Nomify;
			};
			name = Release;
		};
/* End XCBuildConfiguration section */

/* Begin XCConfigurationList section */
		D80434C62C18AA3A007935BC /* Build configuration list for PBXProject "Nomify" */ = {
			isa = XCConfigurationList;
			buildConfigurations = (
				D80434ED2C18AA3D007935BC /* Debug */,
				D80434EE2C18AA3D007935BC /* Release */,
			);
			defaultConfigurationIsVisible = 0;
			defaultConfigurationName = Release;
		};
		D80434EF2C18AA3D007935BC /* Build configuration list for PBXNativeTarget "Nomify" */ = {
			isa = XCConfigurationList;
			buildConfigurations = (
				D80434F02C18AA3D007935BC /* Debug */,
				D80434F12C18AA3D007935BC /* Release */,
			);
			defaultConfigurationIsVisible = 0;
			defaultConfigurationName = Release;
		};
		D80434F22C18AA3D007935BC /* Build configuration list for PBXNativeTarget "NomifyTests" */ = {
			isa = XCConfigurationList;
			buildConfigurations = (
				D80434F32C18AA3D007935BC /* Debug */,
				D80434F42C18AA3D007935BC /* Release */,
			);
			defaultConfigurationIsVisible = 0;
			defaultConfigurationName = Release;
		};
		D80434F52C18AA3D007935BC /* Build configuration list for PBXNativeTarget "NomifyUITests" */ = {
			isa = XCConfigurationList;
			buildConfigurations = (
				D80434F62C18AA3D007935BC /* Debug */,
				D80434F72C18AA3D007935BC /* Release */,
			);
			defaultConfigurationIsVisible = 0;
			defaultConfigurationName = Release;
		};
/* End XCConfigurationList section */

/* Begin XCRemoteSwiftPackageReference section */
		D80435052C18F28A007935BC /* XCRemoteSwiftPackageReference "firebase-ios-sdk" */ = {
			isa = XCRemoteSwiftPackageReference;
			repositoryURL = "https://github.com/firebase/firebase-ios-sdk";
			requirement = {
				kind = upToNextMajorVersion;
				minimumVersion = 10.27.0;
			};
		};
		D8584DC32C19474E00898175 /* XCRemoteSwiftPackageReference "AlertToast" */ = {
			isa = XCRemoteSwiftPackageReference;
			repositoryURL = "https://github.com/elai950/AlertToast.git";
			requirement = {
				kind = upToNextMajorVersion;
				minimumVersion = 1.3.9;
			};
		};
		D8584DC62C195DEA00898175 /* XCRemoteSwiftPackageReference "GoogleSignIn-iOS" */ = {
			isa = XCRemoteSwiftPackageReference;
			repositoryURL = "https://github.com/google/GoogleSignIn-iOS";
			requirement = {
				kind = upToNextMajorVersion;
				minimumVersion = 7.1.0;
			};
		};
/* End XCRemoteSwiftPackageReference section */

/* Begin XCSwiftPackageProductDependency section */
		D8584DAC2C18F52E00898175 /* FirebaseAnalytics */ = {
			isa = XCSwiftPackageProductDependency;
			package = D80435052C18F28A007935BC /* XCRemoteSwiftPackageReference "firebase-ios-sdk" */;
			productName = FirebaseAnalytics;
		};
		D8584DAE2C18F52E00898175 /* FirebaseAuth */ = {
			isa = XCSwiftPackageProductDependency;
			package = D80435052C18F28A007935BC /* XCRemoteSwiftPackageReference "firebase-ios-sdk" */;
			productName = FirebaseAuth;
		};
		D8584DB02C18F52E00898175 /* FirebaseFirestore */ = {
			isa = XCSwiftPackageProductDependency;
			package = D80435052C18F28A007935BC /* XCRemoteSwiftPackageReference "firebase-ios-sdk" */;
			productName = FirebaseFirestore;
		};
		D8584DB22C18F52E00898175 /* FirebaseFirestoreSwift */ = {
			isa = XCSwiftPackageProductDependency;
			package = D80435052C18F28A007935BC /* XCRemoteSwiftPackageReference "firebase-ios-sdk" */;
			productName = FirebaseFirestoreSwift;
		};
		D8584DB42C18F52E00898175 /* FirebaseFunctions */ = {
			isa = XCSwiftPackageProductDependency;
			package = D80435052C18F28A007935BC /* XCRemoteSwiftPackageReference "firebase-ios-sdk" */;
			productName = FirebaseFunctions;
		};
		D8584DC42C19474E00898175 /* AlertToast */ = {
			isa = XCSwiftPackageProductDependency;
			package = D8584DC32C19474E00898175 /* XCRemoteSwiftPackageReference "AlertToast" */;
			productName = AlertToast;
		};
		D8584DC72C195DEB00898175 /* GoogleSignIn */ = {
			isa = XCSwiftPackageProductDependency;
			package = D8584DC62C195DEA00898175 /* XCRemoteSwiftPackageReference "GoogleSignIn-iOS" */;
			productName = GoogleSignIn;
		};
		D8584DC92C195DEB00898175 /* GoogleSignInSwift */ = {
			isa = XCSwiftPackageProductDependency;
			package = D8584DC62C195DEA00898175 /* XCRemoteSwiftPackageReference "GoogleSignIn-iOS" */;
			productName = GoogleSignInSwift;
		};
		D866ECF82C1A33B60060B6B8 /* FirebaseAnalytics */ = {
			isa = XCSwiftPackageProductDependency;
			package = D80435052C18F28A007935BC /* XCRemoteSwiftPackageReference "firebase-ios-sdk" */;
			productName = FirebaseAnalytics;
		};
		D866ECFA2C1A33B60060B6B8 /* FirebaseAuth */ = {
			isa = XCSwiftPackageProductDependency;
			package = D80435052C18F28A007935BC /* XCRemoteSwiftPackageReference "firebase-ios-sdk" */;
			productName = FirebaseAuth;
		};
		D866ECFC2C1A33B60060B6B8 /* FirebaseFirestore */ = {
			isa = XCSwiftPackageProductDependency;
			package = D80435052C18F28A007935BC /* XCRemoteSwiftPackageReference "firebase-ios-sdk" */;
			productName = FirebaseFirestore;
		};
		D866ECFE2C1A33B60060B6B8 /* FirebaseFirestoreSwift */ = {
			isa = XCSwiftPackageProductDependency;
			package = D80435052C18F28A007935BC /* XCRemoteSwiftPackageReference "firebase-ios-sdk" */;
			productName = FirebaseFirestoreSwift;
		};
/* End XCSwiftPackageProductDependency section */
	};
	rootObject = D80434C32C18AA3A007935BC /* Project object */;
}
